
Microsoft Visual Studio Solution File, Format Version 12.00
# Visual Studio Version 16
VisualStudioVersion = 16.0.28407.52
MinimumVisualStudioVersion = 10.0.40219.1
Project("{2150E333-8FDC-42A3-9474-1A3956D46DE8}") = "Solution Items", "Solution Items", "{42F0C97F-59AE-4BD8-8D46-A61832D6E916}"
	ProjectSection(SolutionItems) = preProject
		nuget.config = nuget.config
		HBD.DDD.README.md = HBD.DDD.README.md
		HBD.Extensions.README.md = HBD.Extensions.README.md
		azure-pipelines.yml = azure-pipelines.yml
		.editorconfig = .editorconfig
		.github\workflows\dotnet.yml = .github\workflows\dotnet.yml
	EndProjectSection
EndProject
Project("{9A19103F-16F7-4668-BE54-9A1E7A4F7556}") = "HBDStack.EfCore.Extensions", "HBDStack.EfCore.Extensions\HBDStack.EfCore.Extensions.csproj", "{B56AA23B-CE81-409A-A96D-BED3DE821923}"
EndProject
Project("{9A19103F-16F7-4668-BE54-9A1E7A4F7556}") = "HBDStack.EfCore.Extensions.Tests", "HBDStack.EfCore.Extensions.Tests\HBDStack.EfCore.Extensions.Tests.csproj", "{E8CF9C7F-E43F-456D-BA3F-6AF1608D03B2}"
EndProject
Project("{2150E333-8FDC-42A3-9474-1A3956D46DE8}") = "1. Extensions", "1. Extensions", "{A63DA4BA-8553-4578-BCDA-50F248FB6D15}"
EndProject
Project("{2150E333-8FDC-42A3-9474-1A3956D46DE8}") = "2. Tests", "2. Tests", "{7A661B0A-D0C9-49A5-ADC6-CE7A3DB8633B}"
EndProject
Project("{9A19103F-16F7-4668-BE54-9A1E7A4F7556}") = "HBDStack.TestHelper", "HBDStack.TestHelper\HBDStack.TestHelper.csproj", "{E6FBA639-C3CE-4D07-BE0F-3B0E5FDC2469}"
EndProject
Project("{2150E333-8FDC-42A3-9474-1A3956D46DE8}") = "DDD Tests", "DDD Tests", "{6CAC01C7-F8C7-4AC8-855C-F59E1AFCF8BA}"
EndProject
Project("{FAE04EC0-301F-11D3-BF4B-00C04F79EFBC}") = "DDD4Tests", "DDD4Tests\DDD4Tests.csproj", "{F20DD892-7F3E-4F9F-A5A9-CD33B87FCE6F}"
EndProject
Project("{FAE04EC0-301F-11D3-BF4B-00C04F79EFBC}") = "HBD.EfCore.Infra.Tests", "HBD.EfCore.Infra.Tests\HBD.EfCore.Infra.Tests.csproj", "{56ACABD0-18B5-4A70-803B-6D6143B776F5}"
EndProject
Project("{FAE04EC0-301F-11D3-BF4B-00C04F79EFBC}") = "HBDStack.EfCore.Repos", "HBD.EfCore.Repositories\HBDStack.EfCore.Repos.csproj", "{D92FF9CF-1104-4A29-A232-4E87D9A7C9EF}"
EndProject
Project("{2150E333-8FDC-42A3-9474-1A3956D46DE8}") = "Others", "Others", "{72C7379F-5C63-49EA-AFFC-0794A7FED6CA}"
EndProject
Project("{FAE04EC0-301F-11D3-BF4B-00C04F79EFBC}") = "DataLayer", "Entities\DataLayer.csproj", "{86EA4AC2-5E8C-4BC5-A794-05326FBFC205}"
EndProject
Project("{FAE04EC0-301F-11D3-BF4B-00C04F79EFBC}") = "HBDStack.EfCore.HookTests", "HBDStack.EfCore.HookTests\HBDStack.EfCore.HookTests.csproj", "{6C794561-03EC-4600-8FBD-3467609E6A93}"
EndProject
Project("{FAE04EC0-301F-11D3-BF4B-00C04F79EFBC}") = "HBDStack.EfCore.Hooks", "HBDStack.EfCore.Hooks\HBDStack.EfCore.Hooks.csproj", "{9FA9D6EF-AF2A-4E9A-923F-3E054B9CA7BB}"
EndProject
Project("{FAE04EC0-301F-11D3-BF4B-00C04F79EFBC}") = "HBDStack.EfCore.DataAuthorization", "HBDStack.EfCore.DataAuthorization\HBDStack.EfCore.DataAuthorization.csproj", "{5386F49E-AC2D-46E0-9996-B1EF43F4D26F}"
EndProject
Project("{FAE04EC0-301F-11D3-BF4B-00C04F79EFBC}") = "HBDStack.EfCore.DataAuthorization.Tests", "HBDStack.EfCore.DataAuthorization.Tests\HBDStack.EfCore.DataAuthorization.Tests.csproj", "{9AEDE95D-1E37-4B66-A9C1-8A6976347A6C}"
EndProject
Project("{FAE04EC0-301F-11D3-BF4B-00C04F79EFBC}") = "HBDStack.EfCore.Events", "HBDStack.EfCore.Events\HBDStack.EfCore.Events.csproj", "{E314C506-B1D2-47B1-B18C-56DFA67D1776}"
EndProject
Project("{FAE04EC0-301F-11D3-BF4B-00C04F79EFBC}") = "HBDStack.EfCore.Events.Tests", "HBDStack.EfCore.Events.Tests\HBDStack.EfCore.Events.Tests.csproj", "{9AC21E2A-B02E-47CD-94A1-394AC3D4AB8A}"
EndProject
Project("{FAE04EC0-301F-11D3-BF4B-00C04F79EFBC}") = "HBDStack.EfCore.Abstractions", "HBDStack.EfCore.Abstractions\HBDStack.EfCore.Abstractions.csproj", "{7DA9C968-7CDE-4CC7-9A4E-7BD990434220}"
EndProject
Project("{FAE04EC0-301F-11D3-BF4B-00C04F79EFBC}") = "HBDStack.EfCore.Repos.Abstractions", "HBDStack.EfCore.Repos.Abstractions\HBDStack.EfCore.Repos.Abstractions.csproj", "{FC0FBD1A-BEF9-405A-9E3B-A3A109C9F3B2}"
EndProject
Project("{FAE04EC0-301F-11D3-BF4B-00C04F79EFBC}") = "HBDStack.EfCore.Validation", "HBDStack.EfCore.Validation\HBDStack.EfCore.Validation.csproj", "{322A8016-5AA3-4C67-B6FE-C3C5FCF38502}"
EndProject
Project("{FAE04EC0-301F-11D3-BF4B-00C04F79EFBC}") = "HBDStack.EfCore.Relational.Helpers", "HBDStack.EfCore.Relational.Helpers\HBDStack.EfCore.Relational.Helpers.csproj", "{623A0748-426B-461D-83C7-3D33D95CAE66}"
EndProject
Project("{FAE04EC0-301F-11D3-BF4B-00C04F79EFBC}") = "HBDStack.EfCore.Relational.Helpers.Tests", "HBDStack.EfCore.Relational.Helpers.Tests\HBDStack.EfCore.Relational.Helpers.Tests.csproj", "{DE75D9B2-1BB2-4FFB-9F5C-6F7C4EE11DDD}"
EndProject
Global
	GlobalSection(SolutionConfigurationPlatforms) = preSolution
		Debug|Any CPU = Debug|Any CPU
		Release|Any CPU = Release|Any CPU
	EndGlobalSection
	GlobalSection(ProjectConfigurationPlatforms) = postSolution
		{B56AA23B-CE81-409A-A96D-BED3DE821923}.Debug|Any CPU.ActiveCfg = Debug|Any CPU
		{B56AA23B-CE81-409A-A96D-BED3DE821923}.Debug|Any CPU.Build.0 = Debug|Any CPU
		{B56AA23B-CE81-409A-A96D-BED3DE821923}.Release|Any CPU.ActiveCfg = Release|Any CPU
		{B56AA23B-CE81-409A-A96D-BED3DE821923}.Release|Any CPU.Build.0 = Release|Any CPU
		{E8CF9C7F-E43F-456D-BA3F-6AF1608D03B2}.Debug|Any CPU.ActiveCfg = Debug|Any CPU
		{E8CF9C7F-E43F-456D-BA3F-6AF1608D03B2}.Debug|Any CPU.Build.0 = Debug|Any CPU
		{E8CF9C7F-E43F-456D-BA3F-6AF1608D03B2}.Release|Any CPU.ActiveCfg = Release|Any CPU
		{E8CF9C7F-E43F-456D-BA3F-6AF1608D03B2}.Release|Any CPU.Build.0 = Release|Any CPU
		{E6FBA639-C3CE-4D07-BE0F-3B0E5FDC2469}.Debug|Any CPU.ActiveCfg = Debug|Any CPU
		{E6FBA639-C3CE-4D07-BE0F-3B0E5FDC2469}.Debug|Any CPU.Build.0 = Debug|Any CPU
		{E6FBA639-C3CE-4D07-BE0F-3B0E5FDC2469}.Release|Any CPU.ActiveCfg = Release|Any CPU
		{E6FBA639-C3CE-4D07-BE0F-3B0E5FDC2469}.Release|Any CPU.Build.0 = Release|Any CPU
		{F20DD892-7F3E-4F9F-A5A9-CD33B87FCE6F}.Debug|Any CPU.ActiveCfg = Debug|Any CPU
		{F20DD892-7F3E-4F9F-A5A9-CD33B87FCE6F}.Debug|Any CPU.Build.0 = Debug|Any CPU
		{F20DD892-7F3E-4F9F-A5A9-CD33B87FCE6F}.Release|Any CPU.ActiveCfg = Release|Any CPU
		{F20DD892-7F3E-4F9F-A5A9-CD33B87FCE6F}.Release|Any CPU.Build.0 = Release|Any CPU
		{56ACABD0-18B5-4A70-803B-6D6143B776F5}.Debug|Any CPU.ActiveCfg = Debug|Any CPU
		{56ACABD0-18B5-4A70-803B-6D6143B776F5}.Debug|Any CPU.Build.0 = Debug|Any CPU
		{56ACABD0-18B5-4A70-803B-6D6143B776F5}.Release|Any CPU.ActiveCfg = Release|Any CPU
		{56ACABD0-18B5-4A70-803B-6D6143B776F5}.Release|Any CPU.Build.0 = Release|Any CPU
		{D92FF9CF-1104-4A29-A232-4E87D9A7C9EF}.Debug|Any CPU.ActiveCfg = Debug|Any CPU
		{D92FF9CF-1104-4A29-A232-4E87D9A7C9EF}.Debug|Any CPU.Build.0 = Debug|Any CPU
		{D92FF9CF-1104-4A29-A232-4E87D9A7C9EF}.Release|Any CPU.ActiveCfg = Release|Any CPU
		{D92FF9CF-1104-4A29-A232-4E87D9A7C9EF}.Release|Any CPU.Build.0 = Release|Any CPU
		{86EA4AC2-5E8C-4BC5-A794-05326FBFC205}.Debug|Any CPU.ActiveCfg = Debug|Any CPU
		{86EA4AC2-5E8C-4BC5-A794-05326FBFC205}.Debug|Any CPU.Build.0 = Debug|Any CPU
		{86EA4AC2-5E8C-4BC5-A794-05326FBFC205}.Release|Any CPU.ActiveCfg = Release|Any CPU
		{86EA4AC2-5E8C-4BC5-A794-05326FBFC205}.Release|Any CPU.Build.0 = Release|Any CPU
		{6C794561-03EC-4600-8FBD-3467609E6A93}.Debug|Any CPU.ActiveCfg = Debug|Any CPU
		{6C794561-03EC-4600-8FBD-3467609E6A93}.Debug|Any CPU.Build.0 = Debug|Any CPU
		{6C794561-03EC-4600-8FBD-3467609E6A93}.Release|Any CPU.ActiveCfg = Release|Any CPU
		{6C794561-03EC-4600-8FBD-3467609E6A93}.Release|Any CPU.Build.0 = Release|Any CPU
		{9FA9D6EF-AF2A-4E9A-923F-3E054B9CA7BB}.Debug|Any CPU.ActiveCfg = Debug|Any CPU
		{9FA9D6EF-AF2A-4E9A-923F-3E054B9CA7BB}.Debug|Any CPU.Build.0 = Debug|Any CPU
		{9FA9D6EF-AF2A-4E9A-923F-3E054B9CA7BB}.Release|Any CPU.ActiveCfg = Release|Any CPU
		{9FA9D6EF-AF2A-4E9A-923F-3E054B9CA7BB}.Release|Any CPU.Build.0 = Release|Any CPU
		{5386F49E-AC2D-46E0-9996-B1EF43F4D26F}.Debug|Any CPU.ActiveCfg = Debug|Any CPU
		{5386F49E-AC2D-46E0-9996-B1EF43F4D26F}.Debug|Any CPU.Build.0 = Debug|Any CPU
		{5386F49E-AC2D-46E0-9996-B1EF43F4D26F}.Release|Any CPU.ActiveCfg = Release|Any CPU
		{5386F49E-AC2D-46E0-9996-B1EF43F4D26F}.Release|Any CPU.Build.0 = Release|Any CPU
		{9AEDE95D-1E37-4B66-A9C1-8A6976347A6C}.Debug|Any CPU.ActiveCfg = Debug|Any CPU
		{9AEDE95D-1E37-4B66-A9C1-8A6976347A6C}.Debug|Any CPU.Build.0 = Debug|Any CPU
		{9AEDE95D-1E37-4B66-A9C1-8A6976347A6C}.Release|Any CPU.ActiveCfg = Release|Any CPU
		{9AEDE95D-1E37-4B66-A9C1-8A6976347A6C}.Release|Any CPU.Build.0 = Release|Any CPU
		{E314C506-B1D2-47B1-B18C-56DFA67D1776}.Debug|Any CPU.ActiveCfg = Debug|Any CPU
		{E314C506-B1D2-47B1-B18C-56DFA67D1776}.Debug|Any CPU.Build.0 = Debug|Any CPU
		{E314C506-B1D2-47B1-B18C-56DFA67D1776}.Release|Any CPU.ActiveCfg = Release|Any CPU
		{E314C506-B1D2-47B1-B18C-56DFA67D1776}.Release|Any CPU.Build.0 = Release|Any CPU
		{9AC21E2A-B02E-47CD-94A1-394AC3D4AB8A}.Debug|Any CPU.ActiveCfg = Debug|Any CPU
		{9AC21E2A-B02E-47CD-94A1-394AC3D4AB8A}.Debug|Any CPU.Build.0 = Debug|Any CPU
		{9AC21E2A-B02E-47CD-94A1-394AC3D4AB8A}.Release|Any CPU.ActiveCfg = Release|Any CPU
		{9AC21E2A-B02E-47CD-94A1-394AC3D4AB8A}.Release|Any CPU.Build.0 = Release|Any CPU
		{7DA9C968-7CDE-4CC7-9A4E-7BD990434220}.Debug|Any CPU.ActiveCfg = Debug|Any CPU
		{7DA9C968-7CDE-4CC7-9A4E-7BD990434220}.Debug|Any CPU.Build.0 = Debug|Any CPU
		{7DA9C968-7CDE-4CC7-9A4E-7BD990434220}.Release|Any CPU.ActiveCfg = Release|Any CPU
		{7DA9C968-7CDE-4CC7-9A4E-7BD990434220}.Release|Any CPU.Build.0 = Release|Any CPU
		{FC0FBD1A-BEF9-405A-9E3B-A3A109C9F3B2}.Debug|Any CPU.ActiveCfg = Debug|Any CPU
		{FC0FBD1A-BEF9-405A-9E3B-A3A109C9F3B2}.Debug|Any CPU.Build.0 = Debug|Any CPU
		{FC0FBD1A-BEF9-405A-9E3B-A3A109C9F3B2}.Release|Any CPU.ActiveCfg = Release|Any CPU
		{FC0FBD1A-BEF9-405A-9E3B-A3A109C9F3B2}.Release|Any CPU.Build.0 = Release|Any CPU
		{322A8016-5AA3-4C67-B6FE-C3C5FCF38502}.Debug|Any CPU.ActiveCfg = Debug|Any CPU
		{322A8016-5AA3-4C67-B6FE-C3C5FCF38502}.Debug|Any CPU.Build.0 = Debug|Any CPU
		{322A8016-5AA3-4C67-B6FE-C3C5FCF38502}.Release|Any CPU.ActiveCfg = Release|Any CPU
		{322A8016-5AA3-4C67-B6FE-C3C5FCF38502}.Release|Any CPU.Build.0 = Release|Any CPU
		{623A0748-426B-461D-83C7-3D33D95CAE66}.Debug|Any CPU.ActiveCfg = Debug|Any CPU
		{623A0748-426B-461D-83C7-3D33D95CAE66}.Debug|Any CPU.Build.0 = Debug|Any CPU
		{623A0748-426B-461D-83C7-3D33D95CAE66}.Release|Any CPU.ActiveCfg = Release|Any CPU
		{623A0748-426B-461D-83C7-3D33D95CAE66}.Release|Any CPU.Build.0 = Release|Any CPU
		{DE75D9B2-1BB2-4FFB-9F5C-6F7C4EE11DDD}.Debug|Any CPU.ActiveCfg = Debug|Any CPU
		{DE75D9B2-1BB2-4FFB-9F5C-6F7C4EE11DDD}.Debug|Any CPU.Build.0 = Debug|Any CPU
		{DE75D9B2-1BB2-4FFB-9F5C-6F7C4EE11DDD}.Release|Any CPU.ActiveCfg = Release|Any CPU
		{DE75D9B2-1BB2-4FFB-9F5C-6F7C4EE11DDD}.Release|Any CPU.Build.0 = Release|Any CPU
	EndGlobalSection
	GlobalSection(SolutionProperties) = preSolution
		HideSolutionNode = FALSE
	EndGlobalSection
	GlobalSection(NestedProjects) = preSolution
		{B56AA23B-CE81-409A-A96D-BED3DE821923} = {A63DA4BA-8553-4578-BCDA-50F248FB6D15}
		{F20DD892-7F3E-4F9F-A5A9-CD33B87FCE6F} = {6CAC01C7-F8C7-4AC8-855C-F59E1AFCF8BA}
		{56ACABD0-18B5-4A70-803B-6D6143B776F5} = {6CAC01C7-F8C7-4AC8-855C-F59E1AFCF8BA}
		{E6FBA639-C3CE-4D07-BE0F-3B0E5FDC2469} = {7A661B0A-D0C9-49A5-ADC6-CE7A3DB8633B}
		{D92FF9CF-1104-4A29-A232-4E87D9A7C9EF} = {A63DA4BA-8553-4578-BCDA-50F248FB6D15}
		{86EA4AC2-5E8C-4BC5-A794-05326FBFC205} = {72C7379F-5C63-49EA-AFFC-0794A7FED6CA}
		{6C794561-03EC-4600-8FBD-3467609E6A93} = {7A661B0A-D0C9-49A5-ADC6-CE7A3DB8633B}
		{E8CF9C7F-E43F-456D-BA3F-6AF1608D03B2} = {7A661B0A-D0C9-49A5-ADC6-CE7A3DB8633B}
		{9FA9D6EF-AF2A-4E9A-923F-3E054B9CA7BB} = {A63DA4BA-8553-4578-BCDA-50F248FB6D15}
		{5386F49E-AC2D-46E0-9996-B1EF43F4D26F} = {A63DA4BA-8553-4578-BCDA-50F248FB6D15}
		{9AEDE95D-1E37-4B66-A9C1-8A6976347A6C} = {7A661B0A-D0C9-49A5-ADC6-CE7A3DB8633B}
		{E314C506-B1D2-47B1-B18C-56DFA67D1776} = {A63DA4BA-8553-4578-BCDA-50F248FB6D15}
		{9AC21E2A-B02E-47CD-94A1-394AC3D4AB8A} = {7A661B0A-D0C9-49A5-ADC6-CE7A3DB8633B}
		{7DA9C968-7CDE-4CC7-9A4E-7BD990434220} = {A63DA4BA-8553-4578-BCDA-50F248FB6D15}
		{FC0FBD1A-BEF9-405A-9E3B-A3A109C9F3B2} = {A63DA4BA-8553-4578-BCDA-50F248FB6D15}
		{322A8016-5AA3-4C67-B6FE-C3C5FCF38502} = {A63DA4BA-8553-4578-BCDA-50F248FB6D15}
		{623A0748-426B-461D-83C7-3D33D95CAE66} = {A63DA4BA-8553-4578-BCDA-50F248FB6D15}
		{DE75D9B2-1BB2-4FFB-9F5C-6F7C4EE11DDD} = {7A661B0A-D0C9-49A5-ADC6-CE7A3DB8633B}
	EndGlobalSection
	GlobalSection(ExtensibilityGlobals) = postSolution
		SolutionGuid = {BEEDB6AE-8BF4-484B-8C80-3057DFC82496}
	EndGlobalSection
EndGlobal
